PODS:
  - MASPreferences (1.3)
  - PAPreferences (0.5)
  - Sparkle (1.18.1)

DEPENDENCIES:
  - MASPreferences (~> 1.3)
  - PAPreferences (~> 0.4)
  - Sparkle (~> 1.18)

SPEC REPOS:
  trunk:
    - MASPreferences
    - PAPreferences
    - Sparkle

SPEC CHECKSUMS:
  MASPreferences: c08b8622dd17b47da87669e741efd7c92e970e8c
  PAPreferences: 9f0ffb1e67174a0df001af9d3320166ceb9ee6f5
  Sparkle: 06ea33170007c5937ee54da481b4481af98fac79

PODFILE CHECKSUM: 9632f7b61c03edc05767ab605196327099b61ebf

COCOAPODS: 1.16.2
